// !$*UTF8*$!
{
	archiveVersion = 1;
	classes = {
	};
	objectVersion = 46;
	objects = {

/* Begin PBXBuildFile section */
		B3150B3A19E7EDB000236163 /* goButton.png in Resources */ = {isa = PBXBuildFile; fileRef = B3150B3919E7EDB000236163 /* goButton.png */; };
		B3150B3C19E7EE4B00236163 /* goButton@2x.png in Resources */ = {isa = PBXBuildFile; fileRef = B3150B3B19E7EE4B00236163 /* goButton@2x.png */; };
		B342DF1F19DEE18E00EBFD2E /* MessageUI.framework in Frameworks */ = {isa = PBXBuildFile; fileRef = B342DF1E19DEE18E00EBFD2E /* MessageUI.framework */; };
		B35B61D319DC113B00AE0D09 /* FXBlurView.m in Sources */ = {isa = PBXBuildFile; fileRef = B35B61D219DC113B00AE0D09 /* FXBlurView.m */; };
		B35B61D519DC13BE00AE0D09 /* Accelerate.framework in Frameworks */ = {isa = PBXBuildFile; fileRef = B35B61D419DC13BE00AE0D09 /* Accelerate.framework */; };
		B35B61E219DC5C7700AE0D09 /* Podfile in Resources */ = {isa = PBXBuildFile; fileRef = B35B61E019DC5C7700AE0D09 /* Podfile */; };
		B38ADDC619E8011200CBED2C /* tapLargeGreen.png in Resources */ = {isa = PBXBuildFile; fileRef = B38ADDC219E8011200CBED2C /* tapLargeGreen.png */; };
		B38ADDC719E8011200CBED2C /* tapLargeGreen@2x.png in Resources */ = {isa = PBXBuildFile; fileRef = B38ADDC319E8011200CBED2C /* tapLargeGreen@2x.png */; };
		B38ADDC819E8011200CBED2C /* tapSmallGreen.png in Resources */ = {isa = PBXBuildFile; fileRef = B38ADDC419E8011200CBED2C /* tapSmallGreen.png */; };
		B38ADDC919E8011200CBED2C /* tapSmallGreen@2x.png in Resources */ = {isa = PBXBuildFile; fileRef = B38ADDC519E8011200CBED2C /* tapSmallGreen@2x.png */; };
		B38ADDCC19E801A600CBED2C /* tapGreenSmallNew.png in Resources */ = {isa = PBXBuildFile; fileRef = B38ADDCA19E801A600CBED2C /* tapGreenSmallNew.png */; };
		B38ADDCD19E801A600CBED2C /* tapGreenSmallNew@2x.png in Resources */ = {isa = PBXBuildFile; fileRef = B38ADDCB19E801A600CBED2C /* tapGreenSmallNew@2x.png */; };
		B39A94AB19E6896500AE4B6C /* 640x960.png in Resources */ = {isa = PBXBuildFile; fileRef = B39A94A919E6896500AE4B6C /* 640x960.png */; };
		B39A94AC19E6896500AE4B6C /* 640x1136.png in Resources */ = {isa = PBXBuildFile; fileRef = B39A94AA19E6896500AE4B6C /* 640x1136.png */; };
		B3AF700919D96D3A00899811 /* PixateFreestyle.framework in Frameworks */ = {isa = PBXBuildFile; fileRef = B3AF700819D96D3A00899811 /* PixateFreestyle.framework */; };
		B3BFAFD119DF5E0B009041B0 /* backRed.png in Resources */ = {isa = PBXBuildFile; fileRef = B3BFAFA919DF5E0B009041B0 /* backRed.png */; };
		B3BFAFD219DF5E0B009041B0 /* backRed@2x.png in Resources */ = {isa = PBXBuildFile; fileRef = B3BFAFAA19DF5E0B009041B0 /* backRed@2x.png */; };
		B3BFAFD519DF5E0B009041B0 /* blackLaunch.png in Resources */ = {isa = PBXBuildFile; fileRef = B3BFAFAD19DF5E0B009041B0 /* blackLaunch.png */; };
		B3BFAFD619DF5E0B009041B0 /* building.jpg in Resources */ = {isa = PBXBuildFile; fileRef = B3BFAFAE19DF5E0B009041B0 /* building.jpg */; };
		B3BFAFD719DF5E0B009041B0 /* building@2x.jpg in Resources */ = {isa = PBXBuildFile; fileRef = B3BFAFAF19DF5E0B009041B0 /* building@2x.jpg */; };
		B3BFAFD819DF5E0B009041B0 /* chat.png in Resources */ = {isa = PBXBuildFile; fileRef = B3BFAFB019DF5E0B009041B0 /* chat.png */; };
		B3BFAFD919DF5E0B009041B0 /* chat@2x.png in Resources */ = {isa = PBXBuildFile; fileRef = B3BFAFB119DF5E0B009041B0 /* chat@2x.png */; };
		B3BFAFDA19DF5E0B009041B0 /* colour.jpg in Resources */ = {isa = PBXBuildFile; fileRef = B3BFAFB219DF5E0B009041B0 /* colour.jpg */; };
		B3BFAFDB19DF5E0B009041B0 /* colour@2x.jpg in Resources */ = {isa = PBXBuildFile; fileRef = B3BFAFB319DF5E0B009041B0 /* colour@2x.jpg */; };
		B3BFAFDC19DF5E0B009041B0 /* contact1.png in Resources */ = {isa = PBXBuildFile; fileRef = B3BFAFB419DF5E0B009041B0 /* contact1.png */; };
		B3BFAFDD19DF5E0B009041B0 /* contact1@2x.png in Resources */ = {isa = PBXBuildFile; fileRef = B3BFAFB519DF5E0B009041B0 /* contact1@2x.png */; };
		B3BFAFDE19DF5E0B009041B0 /* iconsmall.png in Resources */ = {isa = PBXBuildFile; fileRef = B3BFAFB619DF5E0B009041B0 /* iconsmall.png */; };
		B3BFAFDF19DF5E0B009041B0 /* iconsmall@2x.png in Resources */ = {isa = PBXBuildFile; fileRef = B3BFAFB719DF5E0B009041B0 /* iconsmall@2x.png */; };
		B3BFAFE019DF5E0B009041B0 /* info1.png in Resources */ = {isa = PBXBuildFile; fileRef = B3BFAFB819DF5E0B009041B0 /* info1.png */; };
		B3BFAFE119DF5E0B009041B0 /* info1@2x.png in Resources */ = {isa = PBXBuildFile; fileRef = B3BFAFB919DF5E0B009041B0 /* info1@2x.png */; };
		B3BFAFE219DF5E0B009041B0 /* italy.jpg in Resources */ = {isa = PBXBuildFile; fileRef = B3BFAFBA19DF5E0B009041B0 /* italy.jpg */; };
		B3BFAFE319DF5E0B009041B0 /* italy@2x.jpg in Resources */ = {isa = PBXBuildFile; fileRef = B3BFAFBB19DF5E0B009041B0 /* italy@2x.jpg */; };
		B3BFAFE719DF5E0B009041B0 /* newIcon.png in Resources */ = {isa = PBXBuildFile; fileRef = B3BFAFBF19DF5E0B009041B0 /* newIcon.png */; };
		B3BFAFE819DF5E0B009041B0 /* nightfall.jpg in Resources */ = {isa = PBXBuildFile; fileRef = B3BFAFC019DF5E0B009041B0 /* nightfall.jpg */; };
		B3BFAFE919DF5E0B009041B0 /* nightfall@2x.jpg in Resources */ = {isa = PBXBuildFile; fileRef = B3BFAFC119DF5E0B009041B0 /* nightfall@2x.jpg */; };
		B3BFAFEA19DF5E0B009041B0 /* no in Resources */ = {isa = PBXBuildFile; fileRef = B3BFAFC219DF5E0B009041B0 /* no */; };
		B3BFAFEB19DF5E0B009041B0 /* no.png in Resources */ = {isa = PBXBuildFile; fileRef = B3BFAFC319DF5E0B009041B0 /* no.png */; };
		B3BFAFEC19DF5E0B009041B0 /* phone.png in Resources */ = {isa = PBXBuildFile; fileRef = B3BFAFC419DF5E0B009041B0 /* phone.png */; };
		B3BFAFEF19DF5E0B009041B0 /* star.jpg in Resources */ = {isa = PBXBuildFile; fileRef = B3BFAFC719DF5E0B009041B0 /* star.jpg */; };
		B3BFAFF019DF5E0B009041B0 /* star@2x.jpg in Resources */ = {isa = PBXBuildFile; fileRef = B3BFAFC819DF5E0B009041B0 /* star@2x.jpg */; };
		B3BFAFF119DF5E0B009041B0 /* tick.png in Resources */ = {isa = PBXBuildFile; fileRef = B3BFAFC919DF5E0B009041B0 /* tick.png */; };
		B3BFAFF219DF5E0B009041B0 /* tick@2x.png in Resources */ = {isa = PBXBuildFile; fileRef = B3BFAFCA19DF5E0B009041B0 /* tick@2x.png */; };
		B3BFAFF319DF5E0B009041B0 /* user.png in Resources */ = {isa = PBXBuildFile; fileRef = B3BFAFCB19DF5E0B009041B0 /* user.png */; };
		B3BFAFF819DF5E0B009041B0 /* yes.png in Resources */ = {isa = PBXBuildFile; fileRef = B3BFAFD019DF5E0B009041B0 /* yes.png */; };
		B3C3C84919D700A500B1D69B /* main.m in Sources */ = {isa = PBXBuildFile; fileRef = B3C3C84819D700A500B1D69B /* main.m */; };
		B3C3C84C19D700A500B1D69B /* AppDelegate.m in Sources */ = {isa = PBXBuildFile; fileRef = B3C3C84B19D700A500B1D69B /* AppDelegate.m */; };
		B3C3C85219D700A500B1D69B /* Main.storyboard in Resources */ = {isa = PBXBuildFile; fileRef = B3C3C85019D700A500B1D69B /* Main.storyboard */; };
		B3C3C85419D700A500B1D69B /* Images.xcassets in Resources */ = {isa = PBXBuildFile; fileRef = B3C3C85319D700A500B1D69B /* Images.xcassets */; };
		B3C3C85719D700A500B1D69B /* LaunchScreen.xib in Resources */ = {isa = PBXBuildFile; fileRef = B3C3C85519D700A500B1D69B /* LaunchScreen.xib */; };
		B3C3C86319D700A500B1D69B /* NumberInPhoneTests.m in Sources */ = {isa = PBXBuildFile; fileRef = B3C3C86219D700A500B1D69B /* NumberInPhoneTests.m */; };
		B3E21EEC19E5C91C0023AF65 /* 120.png in Resources */ = {isa = PBXBuildFile; fileRef = B3E21EE819E5C91C0023AF65 /* 120.png */; };
		B3E21EED19E5C91C0023AF65 /* 180.png in Resources */ = {isa = PBXBuildFile; fileRef = B3E21EE919E5C91C0023AF65 /* 180.png */; };
		B3E21EEE19E5C91C0023AF65 /* 58.png in Resources */ = {isa = PBXBuildFile; fileRef = B3E21EEA19E5C91C0023AF65 /* 58.png */; };
		B3E21EEF19E5C91C0023AF65 /* 87.png in Resources */ = {isa = PBXBuildFile; fileRef = B3E21EEB19E5C91C0023AF65 /* 87.png */; };
		B3E21EF119E5C9530023AF65 /* 80.png in Resources */ = {isa = PBXBuildFile; fileRef = B3E21EF019E5C9530023AF65 /* 80.png */; };
		B3F0393419E0154200766A61 /* empireState.jpg in Resources */ = {isa = PBXBuildFile; fileRef = B3F0391819E0154200766A61 /* empireState.jpg */; };
		B3F0393519E0154200766A61 /* empireState@2x.jpg in Resources */ = {isa = PBXBuildFile; fileRef = B3F0391919E0154200766A61 /* empireState@2x.jpg */; };
		B3F0393619E0154200766A61 /* fog.jpg in Resources */ = {isa = PBXBuildFile; fileRef = B3F0391A19E0154200766A61 /* fog.jpg */; };
		B3F0393719E0154200766A61 /* fog@2x.jpg in Resources */ = {isa = PBXBuildFile; fileRef = B3F0391B19E0154200766A61 /* fog@2x.jpg */; };
		B3F0393819E0154200766A61 /* frankfurt.jpg in Resources */ = {isa = PBXBuildFile; fileRef = B3F0391C19E0154200766A61 /* frankfurt.jpg */; };
		B3F0393919E0154200766A61 /* frankfurt@2x.jpg in Resources */ = {isa = PBXBuildFile; fileRef = B3F0391D19E0154200766A61 /* frankfurt@2x.jpg */; };
		B3F0393A19E0154200766A61 /* hotbaloon.jpg in Resources */ = {isa = PBXBuildFile; fileRef = B3F0391E19E0154200766A61 /* hotbaloon.jpg */; };
		B3F0393B19E0154200766A61 /* hotbaloon@2x.jpg in Resources */ = {isa = PBXBuildFile; fileRef = B3F0391F19E0154200766A61 /* hotbaloon@2x.jpg */; };
		B3F0393E19E0154200766A61 /* nycsun.jpg in Resources */ = {isa = PBXBuildFile; fileRef = B3F0392219E0154200766A61 /* nycsun.jpg */; };
		B3F0393F19E0154200766A61 /* nycsun@2x.jpg in Resources */ = {isa = PBXBuildFile; fileRef = B3F0392319E0154200766A61 /* nycsun@2x.jpg */; };
		B3F0394019E0154200766A61 /* paris.jpg in Resources */ = {isa = PBXBuildFile; fileRef = B3F0392419E0154200766A61 /* paris.jpg */; };
		B3F0394119E0154200766A61 /* paris@2x.jpg in Resources */ = {isa = PBXBuildFile; fileRef = B3F0392519E0154200766A61 /* paris@2x.jpg */; };
		B3F0394219E0154200766A61 /* rain.jpg in Resources */ = {isa = PBXBuildFile; fileRef = B3F0392619E0154200766A61 /* rain.jpg */; };
		B3F0394319E0154200766A61 /* rain@2x.jpg in Resources */ = {isa = PBXBuildFile; fileRef = B3F0392719E0154200766A61 /* rain@2x.jpg */; };
		B3F0394419E0154200766A61 /* rocky.jpg in Resources */ = {isa = PBXBuildFile; fileRef = B3F0392819E0154200766A61 /* rocky.jpg */; };
		B3F0394519E0154200766A61 /* rocky@2x.jpg in Resources */ = {isa = PBXBuildFile; fileRef = B3F0392919E0154200766A61 /* rocky@2x.jpg */; };
		B3F0394619E0154200766A61 /* sidewalk.jpg in Resources */ = {isa = PBXBuildFile; fileRef = B3F0392A19E0154200766A61 /* sidewalk.jpg */; };
		B3F0394719E0154200766A61 /* sidewalk@2x.jpg in Resources */ = {isa = PBXBuildFile; fileRef = B3F0392B19E0154200766A61 /* sidewalk@2x.jpg */; };
		B3F0394819E0154200766A61 /* snowmountain.jpg in Resources */ = {isa = PBXBuildFile; fileRef = B3F0392C19E0154200766A61 /* snowmountain.jpg */; };
		B3F0394919E0154200766A61 /* snowmountain@2x.jpg in Resources */ = {isa = PBXBuildFile; fileRef = B3F0392D19E0154200766A61 /* snowmountain@2x.jpg */; };
		B3F0394C19E0154200766A61 /* weed.jpg in Resources */ = {isa = PBXBuildFile; fileRef = B3F0393019E0154200766A61 /* weed.jpg */; };
		B3F0394D19E0154200766A61 /* weed@2x.jpg in Resources */ = {isa = PBXBuildFile; fileRef = B3F0393119E0154200766A61 /* weed@2x.jpg */; };
		B3F0395319E0192400766A61 /* ViewController.m in Sources */ = {isa = PBXBuildFile; fileRef = B3F0395219E0192400766A61 /* ViewController.m */; };
		DBAFCB8C6B2A5EF7F53FA429 /* libPods.a in Frameworks */ = {isa = PBXBuildFile; fileRef = 246D0414A12EE0D51E195079 /* libPods.a */; };
/* End PBXBuildFile section */

/* Begin PBXContainerItemProxy section */
		B3C3C85D19D700A500B1D69B /* PBXContainerItemProxy */ = {
			isa = PBXContainerItemProxy;
			containerPortal = B3C3C83B19D700A500B1D69B /* Project object */;
			proxyType = 1;
			remoteGlobalIDString = B3C3C84219D700A500B1D69B;
			remoteInfo = NumberInPhone;
		};
/* End PBXContainerItemProxy section */

/* Begin PBXFileReference section */
		246D0414A12EE0D51E195079 /* libPods.a */ = {isa = PBXFileReference; explicitFileType = archive.ar; includeInIndex = 0; path = libPods.a; sourceTree = BUILT_PRODUCTS_DIR; };
		59CCFC1105B78DA69515E324 /* Pods.release.xcconfig */ = {isa = PBXFileReference; includeInIndex = 1; lastKnownFileType = text.xcconfig; name = Pods.release.xcconfig; path = "Pods/Target Support Files/Pods/Pods.release.xcconfig"; sourceTree = "<group>"; };
		B3150B3919E7EDB000236163 /* goButton.png */ = {isa = PBXFileReference; lastKnownFileType = image.png; path = goButton.png; sourceTree = "<group>"; };
		B3150B3B19E7EE4B00236163 /* goButton@2x.png */ = {isa = PBXFileReference; lastKnownFileType = image.png; path = "goButton@2x.png"; sourceTree = "<group>"; };
		B342DF1E19DEE18E00EBFD2E /* MessageUI.framework */ = {isa = PBXFileReference; lastKnownFileType = wrapper.framework; name = MessageUI.framework; path = System/Library/Frameworks/MessageUI.framework; sourceTree = SDKROOT; };
		B35B61D119DC113B00AE0D09 /* FXBlurView.h */ = {isa = PBXFileReference; fileEncoding = 4; lastKnownFileType = sourcecode.c.h; path = FXBlurView.h; sourceTree = "<group>"; };
		B35B61D219DC113B00AE0D09 /* FXBlurView.m */ = {isa = PBXFileReference; fileEncoding = 4; lastKnownFileType = sourcecode.c.objc; path = FXBlurView.m; sourceTree = "<group>"; };
		B35B61D419DC13BE00AE0D09 /* Accelerate.framework */ = {isa = PBXFileReference; lastKnownFileType = wrapper.framework; name = Accelerate.framework; path = System/Library/Frameworks/Accelerate.framework; sourceTree = SDKROOT; };
		B35B61E019DC5C7700AE0D09 /* Podfile */ = {isa = PBXFileReference; fileEncoding = 4; lastKnownFileType = text; name = Podfile; path = ../Podfile; sourceTree = "<group>"; xcLanguageSpecificationIdentifier = xcode.lang.ruby; };
		B38ADDC219E8011200CBED2C /* tapLargeGreen.png */ = {isa = PBXFileReference; lastKnownFileType = image.png; path = tapLargeGreen.png; sourceTree = "<group>"; };
		B38ADDC319E8011200CBED2C /* tapLargeGreen@2x.png */ = {isa = PBXFileReference; lastKnownFileType = image.png; path = "tapLargeGreen@2x.png"; sourceTree = "<group>"; };
		B38ADDC419E8011200CBED2C /* tapSmallGreen.png */ = {isa = PBXFileReference; lastKnownFileType = image.png; path = tapSmallGreen.png; sourceTree = "<group>"; };
		B38ADDC519E8011200CBED2C /* tapSmallGreen@2x.png */ = {isa = PBXFileReference; lastKnownFileType = image.png; path = "tapSmallGreen@2x.png"; sourceTree = "<group>"; };
		B38ADDCA19E801A600CBED2C /* tapGreenSmallNew.png */ = {isa = PBXFileReference; lastKnownFileType = image.png; path = tapGreenSmallNew.png; sourceTree = "<group>"; };
		B38ADDCB19E801A600CBED2C /* tapGreenSmallNew@2x.png */ = {isa = PBXFileReference; lastKnownFileType = image.png; path = "tapGreenSmallNew@2x.png"; sourceTree = "<group>"; };
		B39A94A919E6896500AE4B6C /* 640x960.png */ = {isa = PBXFileReference; lastKnownFileType = image.png; path = 640x960.png; sourceTree = "<group>"; };
		B39A94AA19E6896500AE4B6C /* 640x1136.png */ = {isa = PBXFileReference; lastKnownFileType = image.png; path = 640x1136.png; sourceTree = "<group>"; };
		B3AF700819D96D3A00899811 /* PixateFreestyle.framework */ = {isa = PBXFileReference; lastKnownFileType = wrapper.framework; path = PixateFreestyle.framework; sourceTree = SOURCE_ROOT; };
		B3BFAFA919DF5E0B009041B0 /* backRed.png */ = {isa = PBXFileReference; lastKnownFileType = image.png; path = backRed.png; sourceTree = "<group>"; };
		B3BFAFAA19DF5E0B009041B0 /* backRed@2x.png */ = {isa = PBXFileReference; lastKnownFileType = image.png; path = "backRed@2x.png"; sourceTree = "<group>"; };
		B3BFAFAD19DF5E0B009041B0 /* blackLaunch.png */ = {isa = PBXFileReference; lastKnownFileType = image.png; path = blackLaunch.png; sourceTree = "<group>"; };
		B3BFAFAE19DF5E0B009041B0 /* building.jpg */ = {isa = PBXFileReference; lastKnownFileType = image.jpeg; path = building.jpg; sourceTree = "<group>"; };
		B3BFAFAF19DF5E0B009041B0 /* building@2x.jpg */ = {isa = PBXFileReference; lastKnownFileType = image.jpeg; path = "building@2x.jpg"; sourceTree = "<group>"; };
		B3BFAFB019DF5E0B009041B0 /* chat.png */ = {isa = PBXFileReference; lastKnownFileType = image.png; path = chat.png; sourceTree = "<group>"; };
		B3BFAFB119DF5E0B009041B0 /* chat@2x.png */ = {isa = PBXFileReference; lastKnownFileType = image.png; path = "chat@2x.png"; sourceTree = "<group>"; };
		B3BFAFB219DF5E0B009041B0 /* colour.jpg */ = {isa = PBXFileReference; lastKnownFileType = image.jpeg; path = colour.jpg; sourceTree = "<group>"; };
		B3BFAFB319DF5E0B009041B0 /* colour@2x.jpg */ = {isa = PBXFileReference; lastKnownFileType = image.jpeg; path = "colour@2x.jpg"; sourceTree = "<group>"; };
		B3BFAFB419DF5E0B009041B0 /* contact1.png */ = {isa = PBXFileReference; lastKnownFileType = image.png; path = contact1.png; sourceTree = "<group>"; };
		B3BFAFB519DF5E0B009041B0 /* contact1@2x.png */ = {isa = PBXFileReference; lastKnownFileType = image.png; path = "contact1@2x.png"; sourceTree = "<group>"; };
		B3BFAFB619DF5E0B009041B0 /* iconsmall.png */ = {isa = PBXFileReference; lastKnownFileType = image.png; path = iconsmall.png; sourceTree = "<group>"; };
		B3BFAFB719DF5E0B009041B0 /* iconsmall@2x.png */ = {isa = PBXFileReference; lastKnownFileType = image.png; path = "iconsmall@2x.png"; sourceTree = "<group>"; };
		B3BFAFB819DF5E0B009041B0 /* info1.png */ = {isa = PBXFileReference; lastKnownFileType = image.png; path = info1.png; sourceTree = "<group>"; };
		B3BFAFB919DF5E0B009041B0 /* info1@2x.png */ = {isa = PBXFileReference; lastKnownFileType = image.png; path = "info1@2x.png"; sourceTree = "<group>"; };
		B3BFAFBA19DF5E0B009041B0 /* italy.jpg */ = {isa = PBXFileReference; lastKnownFileType = image.jpeg; path = italy.jpg; sourceTree = "<group>"; };
		B3BFAFBB19DF5E0B009041B0 /* italy@2x.jpg */ = {isa = PBXFileReference; lastKnownFileType = image.jpeg; path = "italy@2x.jpg"; sourceTree = "<group>"; };
		B3BFAFBF19DF5E0B009041B0 /* newIcon.png */ = {isa = PBXFileReference; lastKnownFileType = image.png; path = newIcon.png; sourceTree = "<group>"; };
		B3BFAFC019DF5E0B009041B0 /* nightfall.jpg */ = {isa = PBXFileReference; lastKnownFileType = image.jpeg; path = nightfall.jpg; sourceTree = "<group>"; };
		B3BFAFC119DF5E0B009041B0 /* nightfall@2x.jpg */ = {isa = PBXFileReference; lastKnownFileType = image.jpeg; path = "nightfall@2x.jpg"; sourceTree = "<group>"; };
		B3BFAFC219DF5E0B009041B0 /* no */ = {isa = PBXFileReference; lastKnownFileType = file; path = no; sourceTree = "<group>"; };
		B3BFAFC319DF5E0B009041B0 /* no.png */ = {isa = PBXFileReference; lastKnownFileType = image.png; path = no.png; sourceTree = "<group>"; };
		B3BFAFC419DF5E0B009041B0 /* phone.png */ = {isa = PBXFileReference; lastKnownFileType = image.png; path = phone.png; sourceTree = "<group>"; };
		B3BFAFC719DF5E0B009041B0 /* star.jpg */ = {isa = PBXFileReference; lastKnownFileType = image.jpeg; path = star.jpg; sourceTree = "<group>"; };
		B3BFAFC819DF5E0B009041B0 /* star@2x.jpg */ = {isa = PBXFileReference; lastKnownFileType = image.jpeg; path = "star@2x.jpg"; sourceTree = "<group>"; };
		B3BFAFC919DF5E0B009041B0 /* tick.png */ = {isa = PBXFileReference; lastKnownFileType = image.png; path = tick.png; sourceTree = "<group>"; };
		B3BFAFCA19DF5E0B009041B0 /* tick@2x.png */ = {isa = PBXFileReference; lastKnownFileType = image.png; path = "tick@2x.png"; sourceTree = "<group>"; };
		B3BFAFCB19DF5E0B009041B0 /* user.png */ = {isa = PBXFileReference; lastKnownFileType = image.png; path = user.png; sourceTree = "<group>"; };
		B3BFAFD019DF5E0B009041B0 /* yes.png */ = {isa = PBXFileReference; lastKnownFileType = image.png; path = yes.png; sourceTree = "<group>"; };
		B3C3C84319D700A500B1D69B /* NumberInPhone.app */ = {isa = PBXFileReference; explicitFileType = wrapper.application; includeInIndex = 0; path = NumberInPhone.app; sourceTree = BUILT_PRODUCTS_DIR; };
		B3C3C84719D700A500B1D69B /* Info.plist */ = {isa = PBXFileReference; lastKnownFileType = text.plist.xml; path = Info.plist; sourceTree = "<group>"; };
		B3C3C84819D700A500B1D69B /* main.m */ = {isa = PBXFileReference; lastKnownFileType = sourcecode.c.objc; path = main.m; sourceTree = "<group>"; };
		B3C3C84A19D700A500B1D69B /* AppDelegate.h */ = {isa = PBXFileReference; lastKnownFileType = sourcecode.c.h; path = AppDelegate.h; sourceTree = "<group>"; };
		B3C3C84B19D700A500B1D69B /* AppDelegate.m */ = {isa = PBXFileReference; lastKnownFileType = sourcecode.c.objc; path = AppDelegate.m; sourceTree = "<group>"; };
		B3C3C84D19D700A500B1D69B /* ViewController.h */ = {isa = PBXFileReference; lastKnownFileType = sourcecode.c.h; path = ViewController.h; sourceTree = "<group>"; };
		B3C3C85119D700A500B1D69B /* Base */ = {isa = PBXFileReference; lastKnownFileType = file.storyboard; name = Base; path = Base.lproj/Main.storyboard; sourceTree = "<group>"; };
		B3C3C85319D700A500B1D69B /* Images.xcassets */ = {isa = PBXFileReference; lastKnownFileType = folder.assetcatalog; path = Images.xcassets; sourceTree = "<group>"; };
		B3C3C85619D700A500B1D69B /* Base */ = {isa = PBXFileReference; lastKnownFileType = file.xib; name = Base; path = Base.lproj/LaunchScreen.xib; sourceTree = "<group>"; };
		B3C3C85C19D700A500B1D69B /* NumberInPhoneTests.xctest */ = {isa = PBXFileReference; explicitFileType = wrapper.cfbundle; includeInIndex = 0; path = NumberInPhoneTests.xctest; sourceTree = BUILT_PRODUCTS_DIR; };
		B3C3C86119D700A500B1D69B /* Info.plist */ = {isa = PBXFileReference; lastKnownFileType = text.plist.xml; path = Info.plist; sourceTree = "<group>"; };
		B3C3C86219D700A500B1D69B /* NumberInPhoneTests.m */ = {isa = PBXFileReference; lastKnownFileType = sourcecode.c.objc; path = NumberInPhoneTests.m; sourceTree = "<group>"; };
		B3E21EE819E5C91C0023AF65 /* 120.png */ = {isa = PBXFileReference; lastKnownFileType = image.png; path = 120.png; sourceTree = "<group>"; };
		B3E21EE919E5C91C0023AF65 /* 180.png */ = {isa = PBXFileReference; lastKnownFileType = image.png; path = 180.png; sourceTree = "<group>"; };
		B3E21EEA19E5C91C0023AF65 /* 58.png */ = {isa = PBXFileReference; lastKnownFileType = image.png; path = 58.png; sourceTree = "<group>"; };
		B3E21EEB19E5C91C0023AF65 /* 87.png */ = {isa = PBXFileReference; lastKnownFileType = image.png; path = 87.png; sourceTree = "<group>"; };
		B3E21EF019E5C9530023AF65 /* 80.png */ = {isa = PBXFileReference; lastKnownFileType = image.png; path = 80.png; sourceTree = "<group>"; };
		B3F0391819E0154200766A61 /* empireState.jpg */ = {isa = PBXFileReference; lastKnownFileType = image.jpeg; path = empireState.jpg; sourceTree = "<group>"; };
		B3F0391919E0154200766A61 /* empireState@2x.jpg */ = {isa = PBXFileReference; lastKnownFileType = image.jpeg; path = "empireState@2x.jpg"; sourceTree = "<group>"; };
		B3F0391A19E0154200766A61 /* fog.jpg */ = {isa = PBXFileReference; lastKnownFileType = image.jpeg; path = fog.jpg; sourceTree = "<group>"; };
		B3F0391B19E0154200766A61 /* fog@2x.jpg */ = {isa = PBXFileReference; lastKnownFileType = image.jpeg; path = "fog@2x.jpg"; sourceTree = "<group>"; };
		B3F0391C19E0154200766A61 /* frankfurt.jpg */ = {isa = PBXFileReference; lastKnownFileType = image.jpeg; path = frankfurt.jpg; sourceTree = "<group>"; };
		B3F0391D19E0154200766A61 /* frankfurt@2x.jpg */ = {isa = PBXFileReference; lastKnownFileType = image.jpeg; path = "frankfurt@2x.jpg"; sourceTree = "<group>"; };
		B3F0391E19E0154200766A61 /* hotbaloon.jpg */ = {isa = PBXFileReference; lastKnownFileType = image.jpeg; path = hotbaloon.jpg; sourceTree = "<group>"; };
		B3F0391F19E0154200766A61 /* hotbaloon@2x.jpg */ = {isa = PBXFileReference; lastKnownFileType = image.jpeg; path = "hotbaloon@2x.jpg"; sourceTree = "<group>"; };
		B3F0392219E0154200766A61 /* nycsun.jpg */ = {isa = PBXFileReference; lastKnownFileType = image.jpeg; path = nycsun.jpg; sourceTree = "<group>"; };
		B3F0392319E0154200766A61 /* nycsun@2x.jpg */ = {isa = PBXFileReference; lastKnownFileType = image.jpeg; path = "nycsun@2x.jpg"; sourceTree = "<group>"; };
		B3F0392419E0154200766A61 /* paris.jpg */ = {isa = PBXFileReference; lastKnownFileType = image.jpeg; path = paris.jpg; sourceTree = "<group>"; };
		B3F0392519E0154200766A61 /* paris@2x.jpg */ = {isa = PBXFileReference; lastKnownFileType = image.jpeg; path = "paris@2x.jpg"; sourceTree = "<group>"; };
		B3F0392619E0154200766A61 /* rain.jpg */ = {isa = PBXFileReference; lastKnownFileType = image.jpeg; path = rain.jpg; sourceTree = "<group>"; };
		B3F0392719E0154200766A61 /* rain@2x.jpg */ = {isa = PBXFileReference; lastKnownFileType = image.jpeg; path = "rain@2x.jpg"; sourceTree = "<group>"; };
		B3F0392819E0154200766A61 /* rocky.jpg */ = {isa = PBXFileReference; lastKnownFileType = image.jpeg; path = rocky.jpg; sourceTree = "<group>"; };
		B3F0392919E0154200766A61 /* rocky@2x.jpg */ = {isa = PBXFileReference; lastKnownFileType = image.jpeg; path = "rocky@2x.jpg"; sourceTree = "<group>"; };
		B3F0392A19E0154200766A61 /* sidewalk.jpg */ = {isa = PBXFileReference; lastKnownFileType = image.jpeg; path = sidewalk.jpg; sourceTree = "<group>"; };
		B3F0392B19E0154200766A61 /* sidewalk@2x.jpg */ = {isa = PBXFileReference; lastKnownFileType = image.jpeg; path = "sidewalk@2x.jpg"; sourceTree = "<group>"; };
		B3F0392C19E0154200766A61 /* snowmountain.jpg */ = {isa = PBXFileReference; lastKnownFileType = image.jpeg; path = snowmountain.jpg; sourceTree = "<group>"; };
		B3F0392D19E0154200766A61 /* snowmountain@2x.jpg */ = {isa = PBXFileReference; lastKnownFileType = image.jpeg; path = "snowmountain@2x.jpg"; sourceTree = "<group>"; };
		B3F0393019E0154200766A61 /* weed.jpg */ = {isa = PBXFileReference; lastKnownFileType = image.jpeg; path = weed.jpg; sourceTree = "<group>"; };
		B3F0393119E0154200766A61 /* weed@2x.jpg */ = {isa = PBXFileReference; lastKnownFileType = image.jpeg; path = "weed@2x.jpg"; sourceTree = "<group>"; };
		B3F0395219E0192400766A61 /* ViewController.m */ = {isa = PBXFileReference; fileEncoding = 4; lastKnownFileType = sourcecode.c.objc; path = ViewController.m; sourceTree = "<group>"; };
		CC07600DF388D0A10E10CBCA /* Pods.debug.xcconfig */ = {isa = PBXFileReference; includeInIndex = 1; lastKnownFileType = text.xcconfig; name = Pods.debug.xcconfig; path = "Pods/Target Support Files/Pods/Pods.debug.xcconfig"; sourceTree = "<group>"; };
/* End PBXFileReference section */

/* Begin PBXFrameworksBuildPhase section */
		B3C3C84019D700A500B1D69B /* Frameworks */ = {
			isa = PBXFrameworksBuildPhase;
			buildActionMask = 2147483647;
			files = (
				B342DF1F19DEE18E00EBFD2E /* MessageUI.framework in Frameworks */,
				B35B61D519DC13BE00AE0D09 /* Accelerate.framework in Frameworks */,
				B3AF700919D96D3A00899811 /* PixateFreestyle.framework in Frameworks */,
				DBAFCB8C6B2A5EF7F53FA429 /* libPods.a in Frameworks */,
			);
			runOnlyForDeploymentPostprocessing = 0;
		};
		B3C3C85919D700A500B1D69B /* Frameworks */ = {
			isa = PBXFrameworksBuildPhase;
			buildActionMask = 2147483647;
			files = (
			);
			runOnlyForDeploymentPostprocessing = 0;
		};
/* End PBXFrameworksBuildPhase section */

/* Begin PBXGroup section */
		6ED85A14B774D69E21776448 /* Frameworks */ = {
			isa = PBXGroup;
			children = (
				B342DF1E19DEE18E00EBFD2E /* MessageUI.framework */,
				246D0414A12EE0D51E195079 /* libPods.a */,
			);
			name = Frameworks;
			sourceTree = "<group>";
		};
		A79A1DD658033D507034BDC8 /* Pods */ = {
			isa = PBXGroup;
			children = (
				CC07600DF388D0A10E10CBCA /* Pods.debug.xcconfig */,
				59CCFC1105B78DA69515E324 /* Pods.release.xcconfig */,
			);
			name = Pods;
			sourceTree = "<group>";
		};
		B3BFAFA819DF5E0B009041B0 /* images */ = {
			isa = PBXGroup;
			children = (
				B3150B3919E7EDB000236163 /* goButton.png */,
				B3BFAFA919DF5E0B009041B0 /* backRed.png */,
				B3150B3B19E7EE4B00236163 /* goButton@2x.png */,
				B3BFAFAA19DF5E0B009041B0 /* backRed@2x.png */,
				B3F0391819E0154200766A61 /* empireState.jpg */,
				B3F0391919E0154200766A61 /* empireState@2x.jpg */,
				B3F0391A19E0154200766A61 /* fog.jpg */,
				B3F0391B19E0154200766A61 /* fog@2x.jpg */,
				B3F0391C19E0154200766A61 /* frankfurt.jpg */,
				B3F0391D19E0154200766A61 /* frankfurt@2x.jpg */,
				B3F0391E19E0154200766A61 /* hotbaloon.jpg */,
				B3F0391F19E0154200766A61 /* hotbaloon@2x.jpg */,
				B3F0392219E0154200766A61 /* nycsun.jpg */,
				B3F0392319E0154200766A61 /* nycsun@2x.jpg */,
				B3F0392419E0154200766A61 /* paris.jpg */,
				B3F0392519E0154200766A61 /* paris@2x.jpg */,
				B3F0392619E0154200766A61 /* rain.jpg */,
				B3F0392719E0154200766A61 /* rain@2x.jpg */,
				B3F0392819E0154200766A61 /* rocky.jpg */,
				B3F0392919E0154200766A61 /* rocky@2x.jpg */,
				B3F0392A19E0154200766A61 /* sidewalk.jpg */,
				B3F0392B19E0154200766A61 /* sidewalk@2x.jpg */,
				B3F0392C19E0154200766A61 /* snowmountain.jpg */,
				B3F0392D19E0154200766A61 /* snowmountain@2x.jpg */,
				B3F0393019E0154200766A61 /* weed.jpg */,
				B3F0393119E0154200766A61 /* weed@2x.jpg */,
				B3BFAFAD19DF5E0B009041B0 /* blackLaunch.png */,
				B3BFAFAE19DF5E0B009041B0 /* building.jpg */,
				B3BFAFAF19DF5E0B009041B0 /* building@2x.jpg */,
				B3BFAFB019DF5E0B009041B0 /* chat.png */,
				B38ADDC219E8011200CBED2C /* tapLargeGreen.png */,
				B38ADDC319E8011200CBED2C /* tapLargeGreen@2x.png */,
				B38ADDCA19E801A600CBED2C /* tapGreenSmallNew.png */,
				B38ADDCB19E801A600CBED2C /* tapGreenSmallNew@2x.png */,
				B38ADDC419E8011200CBED2C /* tapSmallGreen.png */,
				B38ADDC519E8011200CBED2C /* tapSmallGreen@2x.png */,
				B3BFAFB119DF5E0B009041B0 /* chat@2x.png */,
				B3BFAFB219DF5E0B009041B0 /* colour.jpg */,
				B3BFAFB319DF5E0B009041B0 /* colour@2x.jpg */,
				B3BFAFB419DF5E0B009041B0 /* contact1.png */,
				B3BFAFB519DF5E0B009041B0 /* contact1@2x.png */,
				B3BFAFB619DF5E0B009041B0 /* iconsmall.png */,
				B3BFAFB719DF5E0B009041B0 /* iconsmall@2x.png */,
				B3BFAFB819DF5E0B009041B0 /* info1.png */,
				B3BFAFB919DF5E0B009041B0 /* info1@2x.png */,
				B3BFAFBA19DF5E0B009041B0 /* italy.jpg */,
				B3BFAFBB19DF5E0B009041B0 /* italy@2x.jpg */,
				B3BFAFBF19DF5E0B009041B0 /* newIcon.png */,
				B3BFAFC019DF5E0B009041B0 /* nightfall.jpg */,
				B3BFAFC119DF5E0B009041B0 /* nightfall@2x.jpg */,
				B3BFAFC219DF5E0B009041B0 /* no */,
				B3BFAFC319DF5E0B009041B0 /* no.png */,
				B3BFAFC419DF5E0B009041B0 /* phone.png */,
				B3BFAFC719DF5E0B009041B0 /* star.jpg */,
				B3BFAFC819DF5E0B009041B0 /* star@2x.jpg */,
				B3BFAFC919DF5E0B009041B0 /* tick.png */,
				B3BFAFCA19DF5E0B009041B0 /* tick@2x.png */,
				B3BFAFCB19DF5E0B009041B0 /* user.png */,
				B3BFAFD019DF5E0B009041B0 /* yes.png */,
			);
			path = images;
			sourceTree = SOURCE_ROOT;
		};
		B3C3C83A19D700A500B1D69B = {
			isa = PBXGroup;
			children = (
				B3C3C84519D700A500B1D69B /* NumberInPhone */,
				B3AF700819D96D3A00899811 /* PixateFreestyle.framework */,
				B3C3C85F19D700A500B1D69B /* NumberInPhoneTests */,
				B3C3C84419D700A500B1D69B /* Products */,
				A79A1DD658033D507034BDC8 /* Pods */,
				6ED85A14B774D69E21776448 /* Frameworks */,
			);
			sourceTree = "<group>";
		};
		B3C3C84419D700A500B1D69B /* Products */ = {
			isa = PBXGroup;
			children = (
				B3C3C84319D700A500B1D69B /* NumberInPhone.app */,
				B3C3C85C19D700A500B1D69B /* NumberInPhoneTests.xctest */,
			);
			name = Products;
			sourceTree = "<group>";
		};
		B3C3C84519D700A500B1D69B /* NumberInPhone */ = {
			isa = PBXGroup;
			children = (
				B35B61D419DC13BE00AE0D09 /* Accelerate.framework */,
				B3C3C84A19D700A500B1D69B /* AppDelegate.h */,
				B3C3C84B19D700A500B1D69B /* AppDelegate.m */,
				B3C3C84D19D700A500B1D69B /* ViewController.h */,
				B3F0395219E0192400766A61 /* ViewController.m */,
				B35B61E019DC5C7700AE0D09 /* Podfile */,
				B35B61D119DC113B00AE0D09 /* FXBlurView.h */,
				B35B61D219DC113B00AE0D09 /* FXBlurView.m */,
				B3C3C85019D700A500B1D69B /* Main.storyboard */,
				B3E21EE719E5C91C0023AF65 /* icons */,
				B3C3C85319D700A500B1D69B /* Images.xcassets */,
				B3C3C85519D700A500B1D69B /* LaunchScreen.xib */,
				B3BFAFA819DF5E0B009041B0 /* images */,
				B3C3C84619D700A500B1D69B /* Supporting Files */,
			);
			path = NumberInPhone;
			sourceTree = "<group>";
		};
		B3C3C84619D700A500B1D69B /* Supporting Files */ = {
			isa = PBXGroup;
			children = (
				B3C3C84719D700A500B1D69B /* Info.plist */,
				B3C3C84819D700A500B1D69B /* main.m */,
			);
			name = "Supporting Files";
			sourceTree = "<group>";
		};
		B3C3C85F19D700A500B1D69B /* NumberInPhoneTests */ = {
			isa = PBXGroup;
			children = (
				B3C3C86219D700A500B1D69B /* NumberInPhoneTests.m */,
				B3C3C86019D700A500B1D69B /* Supporting Files */,
			);
			path = NumberInPhoneTests;
			sourceTree = "<group>";
		};
		B3C3C86019D700A500B1D69B /* Supporting Files */ = {
			isa = PBXGroup;
			children = (
				B3C3C86119D700A500B1D69B /* Info.plist */,
			);
			name = "Supporting Files";
			sourceTree = "<group>";
		};
		B3E21EE719E5C91C0023AF65 /* icons */ = {
			isa = PBXGroup;
			children = (
				B39A94A919E6896500AE4B6C /* 640x960.png */,
				B39A94AA19E6896500AE4B6C /* 640x1136.png */,
				B3E21EE819E5C91C0023AF65 /* 120.png */,
				B3E21EF019E5C9530023AF65 /* 80.png */,
				B3E21EE919E5C91C0023AF65 /* 180.png */,
				B3E21EEA19E5C91C0023AF65 /* 58.png */,
				B3E21EEB19E5C91C0023AF65 /* 87.png */,
			);
			path = icons;
			sourceTree = SOURCE_ROOT;
		};
/* End PBXGroup section */

/* Begin PBXNativeTarget section */
		B3C3C84219D700A500B1D69B /* NumberInPhone */ = {
			isa = PBXNativeTarget;
			buildConfigurationList = B3C3C86619D700A500B1D69B /* Build configuration list for PBXNativeTarget "NumberInPhone" */;
			buildPhases = (
				C018447ED82ADC38ACFDD2FA /* Check Pods Manifest.lock */,
				B3C3C83F19D700A500B1D69B /* Sources */,
				B3C3C84019D700A500B1D69B /* Frameworks */,
				B3C3C84119D700A500B1D69B /* Resources */,
				AB6DECBD048454C9EB6EB790 /* Copy Pods Resources */,
			);
			buildRules = (
			);
			dependencies = (
			);
			name = NumberInPhone;
			productName = NumberInPhone;
			productReference = B3C3C84319D700A500B1D69B /* NumberInPhone.app */;
			productType = "com.apple.product-type.application";
		};
		B3C3C85B19D700A500B1D69B /* NumberInPhoneTests */ = {
			isa = PBXNativeTarget;
			buildConfigurationList = B3C3C86919D700A500B1D69B /* Build configuration list for PBXNativeTarget "NumberInPhoneTests" */;
			buildPhases = (
				B3C3C85819D700A500B1D69B /* Sources */,
				B3C3C85919D700A500B1D69B /* Frameworks */,
				B3C3C85A19D700A500B1D69B /* Resources */,
			);
			buildRules = (
			);
			dependencies = (
				B3C3C85E19D700A500B1D69B /* PBXTargetDependency */,
			);
			name = NumberInPhoneTests;
			productName = NumberInPhoneTests;
			productReference = B3C3C85C19D700A500B1D69B /* NumberInPhoneTests.xctest */;
			productType = "com.apple.product-type.bundle.unit-test";
		};
/* End PBXNativeTarget section */

/* Begin PBXProject section */
		B3C3C83B19D700A500B1D69B /* Project object */ = {
			isa = PBXProject;
			attributes = {
				LastUpgradeCheck = 0600;
				ORGANIZATIONNAME = Dizzolve;
				TargetAttributes = {
					B3C3C84219D700A500B1D69B = {
						CreatedOnToolsVersion = 6.0.1;
						DevelopmentTeam = K9C6768A34;
					};
					B3C3C85B19D700A500B1D69B = {
						CreatedOnToolsVersion = 6.0.1;
						TestTargetID = B3C3C84219D700A500B1D69B;
					};
				};
			};
			buildConfigurationList = B3C3C83E19D700A500B1D69B /* Build configuration list for PBXProject "NumberInPhone" */;
			compatibilityVersion = "Xcode 3.2";
			developmentRegion = English;
			hasScannedForEncodings = 0;
			knownRegions = (
				en,
				Base,
			);
			mainGroup = B3C3C83A19D700A500B1D69B;
			productRefGroup = B3C3C84419D700A500B1D69B /* Products */;
			projectDirPath = "";
			projectRoot = "";
			targets = (
				B3C3C84219D700A500B1D69B /* NumberInPhone */,
				B3C3C85B19D700A500B1D69B /* NumberInPhoneTests */,
			);
		};
/* End PBXProject section */

/* Begin PBXResourcesBuildPhase section */
		B3C3C84119D700A500B1D69B /* Resources */ = {
			isa = PBXResourcesBuildPhase;
			buildActionMask = 2147483647;
			files = (
				B3F0394419E0154200766A61 /* rocky.jpg in Resources */,
				B3BFAFE719DF5E0B009041B0 /* newIcon.png in Resources */,
				B38ADDCC19E801A600CBED2C /* tapGreenSmallNew.png in Resources */,
				B39A94AB19E6896500AE4B6C /* 640x960.png in Resources */,
				B3E21EEE19E5C91C0023AF65 /* 58.png in Resources */,
				B3C3C85219D700A500B1D69B /* Main.storyboard in Resources */,
				B35B61E219DC5C7700AE0D09 /* Podfile in Resources */,
				B3F0393B19E0154200766A61 /* hotbaloon@2x.jpg in Resources */,
				B3BFAFD919DF5E0B009041B0 /* chat@2x.png in Resources */,
				B3F0393519E0154200766A61 /* empireState@2x.jpg in Resources */,
				B3F0393A19E0154200766A61 /* hotbaloon.jpg in Resources */,
				B3F0393619E0154200766A61 /* fog.jpg in Resources */,
				B3BFAFD119DF5E0B009041B0 /* backRed.png in Resources */,
				B38ADDCD19E801A600CBED2C /* tapGreenSmallNew@2x.png in Resources */,
				B3F0393819E0154200766A61 /* frankfurt.jpg in Resources */,
				B3F0393919E0154200766A61 /* frankfurt@2x.jpg in Resources */,
				B3F0394519E0154200766A61 /* rocky@2x.jpg in Resources */,
				B3BFAFE219DF5E0B009041B0 /* italy.jpg in Resources */,
				B3F0394D19E0154200766A61 /* weed@2x.jpg in Resources */,
				B3BFAFE819DF5E0B009041B0 /* nightfall.jpg in Resources */,
				B3BFAFD719DF5E0B009041B0 /* building@2x.jpg in Resources */,
				B3E21EEC19E5C91C0023AF65 /* 120.png in Resources */,
				B3E21EEF19E5C91C0023AF65 /* 87.png in Resources */,
				B3BFAFF319DF5E0B009041B0 /* user.png in Resources */,
				B3BFAFEF19DF5E0B009041B0 /* star.jpg in Resources */,
				B3BFAFDF19DF5E0B009041B0 /* iconsmall@2x.png in Resources */,
				B3BFAFD519DF5E0B009041B0 /* blackLaunch.png in Resources */,
				B3BFAFEB19DF5E0B009041B0 /* no.png in Resources */,
				B3BFAFDA19DF5E0B009041B0 /* colour.jpg in Resources */,
				B3BFAFE319DF5E0B009041B0 /* italy@2x.jpg in Resources */,
				B3BFAFEA19DF5E0B009041B0 /* no in Resources */,
				B3BFAFE119DF5E0B009041B0 /* info1@2x.png in Resources */,
				B3F0394919E0154200766A61 /* snowmountain@2x.jpg in Resources */,
				B3F0393E19E0154200766A61 /* nycsun.jpg in Resources */,
				B3F0393F19E0154200766A61 /* nycsun@2x.jpg in Resources */,
				B38ADDC619E8011200CBED2C /* tapLargeGreen.png in Resources */,
				B3F0394219E0154200766A61 /* rain.jpg in Resources */,
				B3BFAFDB19DF5E0B009041B0 /* colour@2x.jpg in Resources */,
				B3E21EED19E5C91C0023AF65 /* 180.png in Resources */,
				B3E21EF119E5C9530023AF65 /* 80.png in Resources */,
				B3F0394019E0154200766A61 /* paris.jpg in Resources */,
				B3BFAFF219DF5E0B009041B0 /* tick@2x.png in Resources */,
				B3BFAFD219DF5E0B009041B0 /* backRed@2x.png in Resources */,
				B3C3C85719D700A500B1D69B /* LaunchScreen.xib in Resources */,
				B3BFAFD619DF5E0B009041B0 /* building.jpg in Resources */,
				B39A94AC19E6896500AE4B6C /* 640x1136.png in Resources */,
				B38ADDC919E8011200CBED2C /* tapSmallGreen@2x.png in Resources */,
				B38ADDC719E8011200CBED2C /* tapLargeGreen@2x.png in Resources */,
				B3F0393719E0154200766A61 /* fog@2x.jpg in Resources */,
				B3BFAFEC19DF5E0B009041B0 /* phone.png in Resources */,
				B3F0394C19E0154200766A61 /* weed.jpg in Resources */,
				B3BFAFF819DF5E0B009041B0 /* yes.png in Resources */,
				B3BFAFE019DF5E0B009041B0 /* info1.png in Resources */,
				B3BFAFDE19DF5E0B009041B0 /* iconsmall.png in Resources */,
				B3BFAFF119DF5E0B009041B0 /* tick.png in Resources */,
				B3F0394819E0154200766A61 /* snowmountain.jpg in Resources */,
				B3F0394119E0154200766A61 /* paris@2x.jpg in Resources */,
				B3BFAFDC19DF5E0B009041B0 /* contact1.png in Resources */,
				B3F0394319E0154200766A61 /* rain@2x.jpg in Resources */,
				B3BFAFF019DF5E0B009041B0 /* star@2x.jpg in Resources */,
				B3C3C85419D700A500B1D69B /* Images.xcassets in Resources */,
				B3BFAFD819DF5E0B009041B0 /* chat.png in Resources */,
				B3150B3A19E7EDB000236163 /* goButton.png in Resources */,
				B38ADDC819E8011200CBED2C /* tapSmallGreen.png in Resources */,
				B3BFAFE919DF5E0B009041B0 /* nightfall@2x.jpg in Resources */,
				B3F0394719E0154200766A61 /* sidewalk@2x.jpg in Resources */,
				B3F0394619E0154200766A61 /* sidewalk.jpg in Resources */,
				B3F0393419E0154200766A61 /* empireState.jpg in Resources */,
				B3150B3C19E7EE4B00236163 /* goButton@2x.png in Resources */,
				B3BFAFDD19DF5E0B009041B0 /* contact1@2x.png in Resources */,
			);
			runOnlyForDeploymentPostprocessing = 0;
		};
		B3C3C85A19D700A500B1D69B /* Resources */ = {
			isa = PBXResourcesBuildPhase;
			buildActionMask = 2147483647;
			files = (
			);
			runOnlyForDeploymentPostprocessing = 0;
		};
/* End PBXResourcesBuildPhase section */

/* Begin PBXShellScriptBuildPhase section */
		AB6DECBD048454C9EB6EB790 /* Copy Pods Resources */ = {
			isa = PBXShellScriptBuildPhase;
			buildActionMask = 2147483647;
			files = (
			);
			inputPaths = (
			);
			name = "Copy Pods Resources";
			outputPaths = (
			);
			runOnlyForDeploymentPostprocessing = 0;
			shellPath = /bin/sh;
			shellScript = "\"${SRCROOT}/Pods/Target Support Files/Pods/Pods-resources.sh\"\n";
			showEnvVarsInLog = 0;
		};
		C018447ED82ADC38ACFDD2FA /* Check Pods Manifest.lock */ = {
			isa = PBXShellScriptBuildPhase;
			buildActionMask = 2147483647;
			files = (
			);
			inputPaths = (
			);
			name = "Check Pods Manifest.lock";
			outputPaths = (
			);
			runOnlyForDeploymentPostprocessing = 0;
			shellPath = /bin/sh;
			shellScript = "diff \"${PODS_ROOT}/../Podfile.lock\" \"${PODS_ROOT}/Manifest.lock\" > /dev/null\nif [[ $? != 0 ]] ; then\n    cat << EOM\nerror: The sandbox is not in sync with the Podfile.lock. Run 'pod install' or update your CocoaPods installation.\nEOM\n    exit 1\nfi\n";
			showEnvVarsInLog = 0;
		};
/* End PBXShellScriptBuildPhase section */

/* Begin PBXSourcesBuildPhase section */
		B3C3C83F19D700A500B1D69B /* Sources */ = {
			isa = PBXSourcesBuildPhase;
			buildActionMask = 2147483647;
			files = (
				B35B61D319DC113B00AE0D09 /* FXBlurView.m in Sources */,
				B3C3C84C19D700A500B1D69B /* AppDelegate.m in Sources */,
				B3F0395319E0192400766A61 /* ViewController.m in Sources */,
				B3C3C84919D700A500B1D69B /* main.m in Sources */,
			);
			runOnlyForDeploymentPostprocessing = 0;
		};
		B3C3C85819D700A500B1D69B /* Sources */ = {
			isa = PBXSourcesBuildPhase;
			buildActionMask = 2147483647;
			files = (
				B3C3C86319D700A500B1D69B /* NumberInPhoneTests.m in Sources */,
			);
			runOnlyForDeploymentPostprocessing = 0;
		};
/* End PBXSourcesBuildPhase section */

/* Begin PBXTargetDependency section */
		B3C3C85E19D700A500B1D69B /* PBXTargetDependency */ = {
			isa = PBXTargetDependency;
			target = B3C3C84219D700A500B1D69B /* NumberInPhone */;
			targetProxy = B3C3C85D19D700A500B1D69B /* PBXContainerItemProxy */;
		};
/* End PBXTargetDependency section */

/* Begin PBXVariantGroup section */
		B3C3C85019D700A500B1D69B /* Main.storyboard */ = {
			isa = PBXVariantGroup;
			children = (
				B3C3C85119D700A500B1D69B /* Base */,
			);
			name = Main.storyboard;
			sourceTree = "<group>";
		};
		B3C3C85519D700A500B1D69B /* LaunchScreen.xib */ = {
			isa = PBXVariantGroup;
			children = (
				B3C3C85619D700A500B1D69B /* Base */,
			);
			name = LaunchScreen.xib;
			sourceTree = "<group>";
		};
/* End PBXVariantGroup section */

/* Begin XCBuildConfiguration section */
		B3C3C86419D700A500B1D69B /* Debug */ = {
			isa = XCBuildConfiguration;
			buildSettings = {
				ALWAYS_SEARCH_USER_PATHS = NO;
				CLANG_CXX_LANGUAGE_STANDARD = "gnu++0x";
				CLANG_CXX_LIBRARY = "libc++";
				CLANG_ENABLE_MODULES = YES;
				CLANG_ENABLE_OBJC_ARC = YES;
				CLANG_WARN_BOOL_CONVERSION = YES;
				CLANG_WARN_CONSTANT_CONVERSION = YES;
				CLANG_WARN_DIRECT_OBJC_ISA_USAGE = YES_ERROR;
				CLANG_WARN_EMPTY_BODY = YES;
				CLANG_WARN_ENUM_CONVERSION = YES;
				CLANG_WARN_INT_CONVERSION = YES;
				CLANG_WARN_OBJC_ROOT_CLASS = YES_ERROR;
				CLANG_WARN_UNREACHABLE_CODE = YES;
				CLANG_WARN__DUPLICATE_METHOD_MATCH = YES;
				"CODE_SIGN_IDENTITY[sdk=iphoneos*]" = "iPhone Developer";
				COPY_PHASE_STRIP = NO;
				ENABLE_STRICT_OBJC_MSGSEND = YES;
				GCC_C_LANGUAGE_STANDARD = gnu99;
				GCC_DYNAMIC_NO_PIC = NO;
				GCC_OPTIMIZATION_LEVEL = 0;
				GCC_PREPROCESSOR_DEFINITIONS = (
					"DEBUG=1",
					"$(inherited)",
				);
				GCC_SYMBOLS_PRIVATE_EXTERN = NO;
				GCC_WARN_64_TO_32_BIT_CONVERSION = YES;
				GCC_WARN_ABOUT_RETURN_TYPE = YES_ERROR;
				GCC_WARN_UNDECLARED_SELECTOR = YES;
				GCC_WARN_UNINITIALIZED_AUTOS = YES_AGGRESSIVE;
				GCC_WARN_UNUSED_FUNCTION = YES;
				GCC_WARN_UNUSED_VARIABLE = YES;
				IPHONEOS_DEPLOYMENT_TARGET = 8.0;
				MTL_ENABLE_DEBUG_INFO = YES;
				ONLY_ACTIVE_ARCH = YES;
				SDKROOT = iphoneos;
				TARGETED_DEVICE_FAMILY = "1,2";
			};
			name = Debug;
		};
		B3C3C86519D700A500B1D69B /* Release */ = {
			isa = XCBuildConfiguration;
			buildSettings = {
				ALWAYS_SEARCH_USER_PATHS = NO;
				CLANG_CXX_LANGUAGE_STANDARD = "gnu++0x";
				CLANG_CXX_LIBRARY = "libc++";
				CLANG_ENABLE_MODULES = YES;
				CLANG_ENABLE_OBJC_ARC = YES;
				CLANG_WARN_BOOL_CONVERSION = YES;
				CLANG_WARN_CONSTANT_CONVERSION = YES;
				CLANG_WARN_DIRECT_OBJC_ISA_USAGE = YES_ERROR;
				CLANG_WARN_EMPTY_BODY = YES;
				CLANG_WARN_ENUM_CONVERSION = YES;
				CLANG_WARN_INT_CONVERSION = YES;
				CLANG_WARN_OBJC_ROOT_CLASS = YES_ERROR;
				CLANG_WARN_UNREACHABLE_CODE = YES;
				CLANG_WARN__DUPLICATE_METHOD_MATCH = YES;
				"CODE_SIGN_IDENTITY[sdk=iphoneos*]" = "iPhone Developer";
				COPY_PHASE_STRIP = YES;
				ENABLE_NS_ASSERTIONS = NO;
				ENABLE_STRICT_OBJC_MSGSEND = YES;
				GCC_C_LANGUAGE_STANDARD = gnu99;
				GCC_WARN_64_TO_32_BIT_CONVERSION = YES;
				GCC_WARN_ABOUT_RETURN_TYPE = YES_ERROR;
				GCC_WARN_UNDECLARED_SELECTOR = YES;
				GCC_WARN_UNINITIALIZED_AUTOS = YES_AGGRESSIVE;
				GCC_WARN_UNUSED_FUNCTION = YES;
				GCC_WARN_UNUSED_VARIABLE = YES;
				IPHONEOS_DEPLOYMENT_TARGET = 8.0;
				MTL_ENABLE_DEBUG_INFO = NO;
				SDKROOT = iphoneos;
				TARGETED_DEVICE_FAMILY = "1,2";
				VALIDATE_PRODUCT = YES;
			};
			name = Release;
		};
		B3C3C86719D700A500B1D69B /* Debug */ = {
			isa = XCBuildConfiguration;
			baseConfigurationReference = CC07600DF388D0A10E10CBCA /* Pods.debug.xcconfig */;
			buildSettings = {
				ASSETCATALOG_COMPILER_APPICON_NAME = AppIcon;
				ASSETCATALOG_COMPILER_LAUNCHIMAGE_NAME = LaunchImage;
				CODE_SIGN_IDENTITY = "iPhone Developer";
				FRAMEWORK_SEARCH_PATHS = (
					"$(inherited)",
					"$(PROJECT_DIR)",
				);
				INFOPLIST_FILE = NumberInPhone/Info.plist;
				IPHONEOS_DEPLOYMENT_TARGET = 7.0;
				LD_RUNPATH_SEARCH_PATHS = "$(inherited) @executable_path/Frameworks";
				PRODUCT_NAME = "$(TARGET_NAME)";
				TARGETED_DEVICE_FAMILY = 1;
			};
			name = Debug;
		};
		B3C3C86819D700A500B1D69B /* Release */ = {
			isa = XCBuildConfiguration;
			baseConfigurationReference = 59CCFC1105B78DA69515E324 /* Pods.release.xcconfig */;
			buildSettings = {
				ASSETCATALOG_COMPILER_APPICON_NAME = AppIcon;
				ASSETCATALOG_COMPILER_LAUNCHIMAGE_NAME = LaunchImage;
				CODE_SIGN_IDENTITY = "iPhone Developer";
				FRAMEWORK_SEARCH_PATHS = (
					"$(inherited)",
					"$(PROJECT_DIR)",
				);
				INFOPLIST_FILE = NumberInPhone/Info.plist;
				IPHONEOS_DEPLOYMENT_TARGET = 7.0;
				LD_RUNPATH_SEARCH_PATHS = "$(inherited) @executable_path/Frameworks";
				PRODUCT_NAME = "$(TARGET_NAME)";
				TARGETED_DEVICE_FAMILY = 1;
			};
			name = Release;
		};
		B3C3C86A19D700A500B1D69B /* Debug */ = {
			isa = XCBuildConfiguration;
			buildSettings = {
				BUNDLE_LOADER = "$(TEST_HOST)";
				FRAMEWORK_SEARCH_PATHS = (
					"$(SDKROOT)/Developer/Library/Frameworks",
					"$(inherited)",
				);
				GCC_PREPROCESSOR_DEFINITIONS = (
					"DEBUG=1",
					"$(inherited)",
				);
				INFOPLIST_FILE = NumberInPhoneTests/Info.plist;
				LD_RUNPATH_SEARCH_PATHS = "$(inherited) @executable_path/Frameworks @loader_path/Frameworks";
				PRODUCT_NAME = "$(TARGET_NAME)";
				TEST_HOST = "$(BUILT_PRODUCTS_DIR)/NumberInPhone.app/NumberInPhone";
			};
			name = Debug;
		};
		B3C3C86B19D700A500B1D69B /* Release */ = {
			isa = XCBuildConfiguration;
			buildSettings = {
				BUNDLE_LOADER = "$(TEST_HOST)";
				FRAMEWORK_SEARCH_PATHS = (
					"$(SDKROOT)/Developer/Library/Frameworks",
					"$(inherited)",
				);
				INFOPLIST_FILE = NumberInPhoneTests/Info.plist;
				LD_RUNPATH_SEARCH_PATHS = "$(inherited) @executable_path/Frameworks @loader_path/Frameworks";
				PRODUCT_NAME = "$(TARGET_NAME)";
				TEST_HOST = "$(BUILT_PRODUCTS_DIR)/NumberInPhone.app/NumberInPhone";
			};
			name = Release;
		};
/* End XCBuildConfiguration section */

/* Begin XCConfigurationList section */
		B3C3C83E19D700A500B1D69B /* Build configuration list for PBXProject "NumberInPhone" */ = {
			isa = XCConfigurationList;
			buildConfigurations = (
				B3C3C86419D700A500B1D69B /* Debug */,
				B3C3C86519D700A500B1D69B /* Release */,
			);
			defaultConfigurationIsVisible = 0;
			defaultConfigurationName = Release;
		};
		B3C3C86619D700A500B1D69B /* Build configuration list for PBXNativeTarget "NumberInPhone" */ = {
			isa = XCConfigurationList;
			buildConfigurations = (
				B3C3C86719D700A500B1D69B /* Debug */,
				B3C3C86819D700A500B1D69B /* Release */,
			);
			defaultConfigurationIsVisible = 0;
			defaultConfigurationName = Release;
		};
		B3C3C86919D700A500B1D69B /* Build configuration list for PBXNativeTarget "NumberInPhoneTests" */ = {
			isa = XCConfigurationList;
			buildConfigurations = (
				B3C3C86A19D700A500B1D69B /* Debug */,
				B3C3C86B19D700A500B1D69B /* Release */,
			);
			defaultConfigurationIsVisible = 0;
			defaultConfigurationName = Release;
		};
/* End XCConfigurationList section */
	};
	rootObject = B3C3C83B19D700A500B1D69B /* Project object */;
}
